// !$*UTF8*$!
{
	archiveVersion = 1;
	classes = {
	};
	objectVersion = 46;
	objects = {

/* Begin PBXBuildFile section */
		A78EECF71EF49ED0006F560F /* main.m in Sources */ = {isa = PBXBuildFile; fileRef = A78EECF61EF49ED0006F560F /* main.m */; };
		A78EECFA1EF49ED0006F560F /* AppDelegate.m in Sources */ = {isa = PBXBuildFile; fileRef = A78EECF91EF49ED0006F560F /* AppDelegate.m */; };
		A78EECFD1EF49ED0006F560F /* ViewController.m in Sources */ = {isa = PBXBuildFile; fileRef = A78EECFC1EF49ED0006F560F /* ViewController.m */; };
		A78EED001EF49ED0006F560F /* Main.storyboard in Resources */ = {isa = PBXBuildFile; fileRef = A78EECFE1EF49ED0006F560F /* Main.storyboard */; };
		A78EED021EF49ED0006F560F /* Assets.xcassets in Resources */ = {isa = PBXBuildFile; fileRef = A78EED011EF49ED0006F560F /* Assets.xcassets */; };
		A78EED051EF49ED0006F560F /* LaunchScreen.storyboard in Resources */ = {isa = PBXBuildFile; fileRef = A78EED031EF49ED0006F560F /* LaunchScreen.storyboard */; };
		A78EED0F1EF4A20A006F560F /* Mediator.m in Sources */ = {isa = PBXBuildFile; fileRef = A78EED0E1EF4A20A006F560F /* Mediator.m */; };
		F6502F393120DF90DF2A9A14 /* libPods-Mediator.a in Frameworks */ = {isa = PBXBuildFile; fileRef = A9B27DB563FB9CB544169B14 /* libPods-Mediator.a */; };
/* End PBXBuildFile section */

/* Begin PBXFileReference section */
		8F0085139B272EF6BF036065 /* Pods-Mediator.release.xcconfig */ = {isa = PBXFileReference; includeInIndex = 1; lastKnownFileType = text.xcconfig; name = "Pods-Mediator.release.xcconfig"; path = "Pods/Target Support Files/Pods-Mediator/Pods-Mediator.release.xcconfig"; sourceTree = "<group>"; };
		A78EECF21EF49ED0006F560F /* Mediator.app */ = {isa = PBXFileReference; explicitFileType = wrapper.application; includeInIndex = 0; path = Mediator.app; sourceTree = BUILT_PRODUCTS_DIR; };
		A78EECF61EF49ED0006F560F /* main.m */ = {isa = PBXFileReference; lastKnownFileType = sourcecode.c.objc; path = main.m; sourceTree = "<group>"; };
		A78EECF81EF49ED0006F560F /* AppDelegate.h */ = {isa = PBXFileReference; lastKnownFileType = sourcecode.c.h; path = AppDelegate.h; sourceTree = "<group>"; };
		A78EECF91EF49ED0006F560F /* AppDelegate.m */ = {isa = PBXFileReference; lastKnownFileType = sourcecode.c.objc; path = AppDelegate.m; sourceTree = "<group>"; };
		A78EECFB1EF49ED0006F560F /* ViewController.h */ = {isa = PBXFileReference; lastKnownFileType = sourcecode.c.h; path = ViewController.h; sourceTree = "<group>"; };
		A78EECFC1EF49ED0006F560F /* ViewController.m */ = {isa = PBXFileReference; lastKnownFileType = sourcecode.c.objc; path = ViewController.m; sourceTree = "<group>"; };
		A78EECFF1EF49ED0006F560F /* Base */ = {isa = PBXFileReference; lastKnownFileType = file.storyboard; name = Base; path = Base.lproj/Main.storyboard; sourceTree = "<group>"; };
		A78EED011EF49ED0006F560F /* Assets.xcassets */ = {isa = PBXFileReference; lastKnownFileType = folder.assetcatalog; path = Assets.xcassets; sourceTree = "<group>"; };
		A78EED041EF49ED0006F560F /* Base */ = {isa = PBXFileReference; lastKnownFileType = file.storyboard; name = Base; path = Base.lproj/LaunchScreen.storyboard; sourceTree = "<group>"; };
		A78EED061EF49ED0006F560F /* Info.plist */ = {isa = PBXFileReference; lastKnownFileType = text.plist.xml; path = Info.plist; sourceTree = "<group>"; };
		A78EED0D1EF4A20A006F560F /* Mediator.h */ = {isa = PBXFileReference; fileEncoding = 4; lastKnownFileType = sourcecode.c.h; path = Mediator.h; sourceTree = "<group>"; };
		A78EED0E1EF4A20A006F560F /* Mediator.m */ = {isa = PBXFileReference; fileEncoding = 4; lastKnownFileType = sourcecode.c.objc; path = Mediator.m; sourceTree = "<group>"; };
		A9B27DB563FB9CB544169B14 /* libPods-Mediator.a */ = {isa = PBXFileReference; explicitFileType = archive.ar; includeInIndex = 0; path = "libPods-Mediator.a"; sourceTree = BUILT_PRODUCTS_DIR; };
		FF8A23CD2AFA5385BAACCB2B /* Pods-Mediator.debug.xcconfig */ = {isa = PBXFileReference; includeInIndex = 1; lastKnownFileType = text.xcconfig; name = "Pods-Mediator.debug.xcconfig"; path = "Pods/Target Support Files/Pods-Mediator/Pods-Mediator.debug.xcconfig"; sourceTree = "<group>"; };
/* End PBXFileReference section */

/* Begin PBXFrameworksBuildPhase section */
		A78EECEF1EF49ED0006F560F /* Frameworks */ = {
			isa = PBXFrameworksBuildPhase;
			buildActionMask = 2147483647;
			files = (
				F6502F393120DF90DF2A9A14 /* libPods-Mediator.a in Frameworks */,
			);
			runOnlyForDeploymentPostprocessing = 0;
		};
/* End PBXFrameworksBuildPhase section */

/* Begin PBXGroup section */
		117EC413DBA3887DA5139179 /* Frameworks */ = {
			isa = PBXGroup;
			children = (
				A9B27DB563FB9CB544169B14 /* libPods-Mediator.a */,
			);
			name = Frameworks;
			sourceTree = "<group>";
		};
		674D34A1BB8A8CFA6AEA47E0 /* Pods */ = {
			isa = PBXGroup;
			children = (
				FF8A23CD2AFA5385BAACCB2B /* Pods-Mediator.debug.xcconfig */,
				8F0085139B272EF6BF036065 /* Pods-Mediator.release.xcconfig */,
			);
			name = Pods;
			sourceTree = "<group>";
		};
		A78EECE91EF49ED0006F560F = {
			isa = PBXGroup;
			children = (
				A78EECF41EF49ED0006F560F /* Mediator */,
				A78EECF31EF49ED0006F560F /* Products */,
				674D34A1BB8A8CFA6AEA47E0 /* Pods */,
				117EC413DBA3887DA5139179 /* Frameworks */,
			);
			sourceTree = "<group>";
		};
		A78EECF31EF49ED0006F560F /* Products */ = {
			isa = PBXGroup;
			children = (
				A78EECF21EF49ED0006F560F /* Mediator.app */,
			);
			name = Products;
			sourceTree = "<group>";
		};
		A78EECF41EF49ED0006F560F /* Mediator */ = {
			isa = PBXGroup;
			children = (
				A78EED0C1EF4A1F2006F560F /* Mediator */,
				A78EECF81EF49ED0006F560F /* AppDelegate.h */,
				A78EECF91EF49ED0006F560F /* AppDelegate.m */,
				A78EECFB1EF49ED0006F560F /* ViewController.h */,
				A78EECFC1EF49ED0006F560F /* ViewController.m */,
				A78EECFE1EF49ED0006F560F /* Main.storyboard */,
				A78EED011EF49ED0006F560F /* Assets.xcassets */,
				A78EED031EF49ED0006F560F /* LaunchScreen.storyboard */,
				A78EED061EF49ED0006F560F /* Info.plist */,
				A78EECF51EF49ED0006F560F /* Supporting Files */,
			);
			path = Mediator;
			sourceTree = "<group>";
		};
		A78EECF51EF49ED0006F560F /* Supporting Files */ = {
			isa = PBXGroup;
			children = (
				A78EECF61EF49ED0006F560F /* main.m */,
			);
			name = "Supporting Files";
			sourceTree = "<group>";
		};
		A78EED0C1EF4A1F2006F560F /* Mediator */ = {
			isa = PBXGroup;
			children = (
				A78EED0D1EF4A20A006F560F /* Mediator.h */,
				A78EED0E1EF4A20A006F560F /* Mediator.m */,
			);
			path = Mediator;
			sourceTree = "<group>";
		};
/* End PBXGroup section */

/* Begin PBXNativeTarget section */
		A78EECF11EF49ED0006F560F /* Mediator */ = {
			isa = PBXNativeTarget;
			buildConfigurationList = A78EED091EF49ED0006F560F /* Build configuration list for PBXNativeTarget "Mediator" */;
			buildPhases = (
				525FA8DCF0EE608E00E748F8 /* [CP] Check Pods Manifest.lock */,
				A78EECEE1EF49ED0006F560F /* Sources */,
				A78EECEF1EF49ED0006F560F /* Frameworks */,
				A78EECF01EF49ED0006F560F /* Resources */,
				E5EA3A4C4DB7684E1AA33542 /* [CP] Embed Pods Frameworks */,
				7C19E6B9BCE0B254FAE0AF17 /* [CP] Copy Pods Resources */,
			);
			buildRules = (
			);
			dependencies = (
			);
			name = Mediator;
			productName = Mediator;
			productReference = A78EECF21EF49ED0006F560F /* Mediator.app */;
			productType = "com.apple.product-type.application";
		};
/* End PBXNativeTarget section */

/* Begin PBXProject section */
		A78EECEA1EF49ED0006F560F /* Project object */ = {
			isa = PBXProject;
			attributes = {
				LastUpgradeCheck = 0830;
				ORGANIZATIONNAME = Yuns;
				TargetAttributes = {
					A78EECF11EF49ED0006F560F = {
						CreatedOnToolsVersion = 8.3.3;
						ProvisioningStyle = Automatic;
					};
				};
			};
			buildConfigurationList = A78EECED1EF49ED0006F560F /* Build configuration list for PBXProject "Mediator" */;
			compatibilityVersion = "Xcode 3.2";
			developmentRegion = English;
			hasScannedForEncodings = 0;
			knownRegions = (
				en,
				Base,
			);
			mainGroup = A78EECE91EF49ED0006F560F;
			productRefGroup = A78EECF31EF49ED0006F560F /* Products */;
			projectDirPath = "";
			projectRoot = "";
			targets = (
				A78EECF11EF49ED0006F560F /* Mediator */,
			);
		};
/* End PBXProject section */

/* Begin PBXResourcesBuildPhase section */
		A78EECF01EF49ED0006F560F /* Resources */ = {
			isa = PBXResourcesBuildPhase;
			buildActionMask = 2147483647;
			files = (
				A78EED051EF49ED0006F560F /* LaunchScreen.storyboard in Resources */,
				A78EED021EF49ED0006F560F /* Assets.xcassets in Resources */,
				A78EED001EF49ED0006F560F /* Main.storyboard in Resources */,
			);
			runOnlyForDeploymentPostprocessing = 0;
		};
/* End PBXResourcesBuildPhase section */

/* Begin PBXShellScriptBuildPhase section */
		525FA8DCF0EE608E00E748F8 /* [CP] Check Pods Manifest.lock */ = {
			isa = PBXShellScriptBuildPhase;
			buildActionMask = 2147483647;
			files = (
			);
			inputPaths = (
			);
			name = "[CP] Check Pods Manifest.lock";
			outputPaths = (
			);
			runOnlyForDeploymentPostprocessing = 0;
			shellPath = /bin/sh;
			shellScript = "diff \"${PODS_PODFILE_DIR_PATH}/Podfile.lock\" \"${PODS_ROOT}/Manifest.lock\" > /dev/null\nif [ $? != 0 ] ; then\n    # print error to STDERR\n    echo \"error: The sandbox is not in sync with the Podfile.lock. Run 'pod install' or update your CocoaPods installation.\" >&2\n    exit 1\nfi\n";
			showEnvVarsInLog = 0;
		};
		7C19E6B9BCE0B254FAE0AF17 /* [CP] Copy Pods Resources */ = {
			isa = PBXShellScriptBuildPhase;
			buildActionMask = 2147483647;
			files = (
			);
			inputPaths = (
			);
			name = "[CP] Copy Pods Resources";
			outputPaths = (
			);
			runOnlyForDeploymentPostprocessing = 0;
			shellPath = /bin/sh;
			shellScript = "\"${SRCROOT}/Pods/Target Support Files/Pods-Mediator/Pods-Mediator-resources.sh\"\n";
			showEnvVarsInLog = 0;
		};
		E5EA3A4C4DB7684E1AA33542 /* [CP] Embed Pods Frameworks */ = {
			isa = PBXShellScriptBuildPhase;
			buildActionMask = 2147483647;
			files = (
			);
			inputPaths = (
			);
			name = "[CP] Embed Pods Frameworks";
			outputPaths = (
			);
			runOnlyForDeploymentPostprocessing = 0;
			shellPath = /bin/sh;
			shellScript = "\"${SRCROOT}/Pods/Target Support Files/Pods-Mediator/Pods-Mediator-frameworks.sh\"\n";
			showEnvVarsInLog = 0;
		};
/* End PBXShellScriptBuildPhase section */

/* Begin PBXSourcesBuildPhase section */
		A78EECEE1EF49ED0006F560F /* Sources */ = {
			isa = PBXSourcesBuildPhase;
			buildActionMask = 2147483647;
			files = (
				A78EECFD1EF49ED0006F560F /* ViewController.m in Sources */,
				A78EECFA1EF49ED0006F560F /* AppDelegate.m in Sources */,
				A78EED0F1EF4A20A006F560F /* Mediator.m in Sources */,
				A78EECF71EF49ED0006F560F /* main.m in Sources */,
			);
			runOnlyForDeploymentPostprocessing = 0;
		};
/* End PBXSourcesBuildPhase section */

/* Begin PBXVariantGroup section */
		A78EECFE1EF49ED0006F560F /* Main.storyboard */ = {
			isa = PBXVariantGroup;
			children = (
				A78EECFF1EF49ED0006F560F /* Base */,
			);
			name = Main.storyboard;
			sourceTree = "<group>";
		};
		A78EED031EF49ED0006F560F /* LaunchScreen.storyboard */ = {
			isa = PBXVariantGroup;
			children = (
				A78EED041EF49ED0006F560F /* Base */,
			);
			name = LaunchScreen.storyboard;
			sourceTree = "<group>";
		};
/* End PBXVariantGroup section */

/* Begin XCBuildConfiguration section */
		A78EED071EF49ED0006F560F /* Debug */ = {
			isa = XCBuildConfiguration;
			buildSettings = {
				ALWAYS_SEARCH_USER_PATHS = NO;
				CLANG_ANALYZER_NONNULL = YES;
				CLANG_ANALYZER_NUMBER_OBJECT_CONVERSION = YES_AGGRESSIVE;
				CLANG_CXX_LANGUAGE_STANDARD = "gnu++0x";
				CLANG_CXX_LIBRARY = "libc++";
				CLANG_ENABLE_MODULES = YES;
				CLANG_ENABLE_OBJC_ARC = YES;
				CLANG_WARN_BOOL_CONVERSION = YES;
				CLANG_WARN_CONSTANT_CONVERSION = YES;
				CLANG_WARN_DIRECT_OBJC_ISA_USAGE = YES_ERROR;
				CLANG_WARN_DOCUMENTATION_COMMENTS = YES;
				CLANG_WARN_EMPTY_BODY = YES;
				CLANG_WARN_ENUM_CONVERSION = YES;
				CLANG_WARN_INFINITE_RECURSION = YES;
				CLANG_WARN_INT_CONVERSION = YES;
				CLANG_WARN_OBJC_ROOT_CLASS = YES_ERROR;
				CLANG_WARN_SUSPICIOUS_MOVE = YES;
				CLANG_WARN_UNREACHABLE_CODE = YES;
				CLANG_WARN__DUPLICATE_METHOD_MATCH = YES;
				"CODE_SIGN_IDENTITY[sdk=iphoneos*]" = "iPhone Developer";
				COPY_PHASE_STRIP = NO;
				DEBUG_INFORMATION_FORMAT = dwarf;
				ENABLE_STRICT_OBJC_MSGSEND = YES;
				ENABLE_TESTABILITY = YES;
				GCC_C_LANGUAGE_STANDARD = gnu99;
				GCC_DYNAMIC_NO_PIC = NO;
				GCC_NO_COMMON_BLOCKS = YES;
				GCC_OPTIMIZATION_LEVEL = 0;
				GCC_PREPROCESSOR_DEFINITIONS = (
					"DEBUG=1",
					"$(inherited)",
				);
				GCC_WARN_64_TO_32_BIT_CONVERSION = YES;
				GCC_WARN_ABOUT_RETURN_TYPE = YES_ERROR;
				GCC_WARN_UNDECLARED_SELECTOR = YES;
				GCC_WARN_UNINITIALIZED_AUTOS = YES_AGGRESSIVE;
				GCC_WARN_UNUSED_FUNCTION = YES;
				GCC_WARN_UNUSED_VARIABLE = YES;
				IPHONEOS_DEPLOYMENT_TARGET = 10.3;
				MTL_ENABLE_DEBUG_INFO = YES;
				ONLY_ACTIVE_ARCH = YES;
				SDKROOT = iphoneos;
			};
			name = Debug;
		};
		A78EED081EF49ED0006F560F /* Release */ = {
			isa = XCBuildConfiguration;
			buildSettings = {
				ALWAYS_SEARCH_USER_PATHS = NO;
				CLANG_ANALYZER_NONNULL = YES;
				CLANG_ANALYZER_NUMBER_OBJECT_CONVERSION = YES_AGGRESSIVE;
				CLANG_CXX_LANGUAGE_STANDARD = "gnu++0x";
				CLANG_CXX_LIBRARY = "libc++";
				CLANG_ENABLE_MODULES = YES;
				CLANG_ENABLE_OBJC_ARC = YES;
				CLANG_WARN_BOOL_CONVERSION = YES;
				CLANG_WARN_CONSTANT_CONVERSION = YES;
				CLANG_WARN_DIRECT_OBJC_ISA_USAGE = YES_ERROR;
				CLANG_WARN_DOCUMENTATION_COMMENTS = YES;
				CLANG_WARN_EMPTY_BODY = YES;
				CLANG_WARN_ENUM_CONVERSION = YES;
				CLANG_WARN_INFINITE_RECURSION = YES;
				CLANG_WARN_INT_CONVERSION = YES;
				CLANG_WARN_OBJC_ROOT_CLASS = YES_ERROR;
				CLANG_WARN_SUSPICIOUS_MOVE = YES;
				CLANG_WARN_UNREACHABLE_CODE = YES;
				CLANG_WARN__DUPLICATE_METHOD_MATCH = YES;
				"CODE_SIGN_IDENTITY[sdk=iphoneos*]" = "iPhone Developer";
				COPY_PHASE_STRIP = NO;
				DEBUG_INFORMATION_FORMAT = "dwarf-with-dsym";
				ENABLE_NS_ASSERTIONS = NO;
				ENABLE_STRICT_OBJC_MSGSEND = YES;
				GCC_C_LANGUAGE_STANDARD = gnu99;
				GCC_NO_COMMON_BLOCKS = YES;
				GCC_WARN_64_TO_32_BIT_CONVERSION = YES;
				GCC_WARN_ABOUT_RETURN_TYPE = YES_ERROR;
				GCC_WARN_UNDECLARED_SELECTOR = YES;
				GCC_WARN_UNINITIALIZED_AUTOS = YES_AGGRESSIVE;
				GCC_WARN_UNUSED_FUNCTION = YES;
				GCC_WARN_UNUSED_VARIABLE = YES;
				IPHONEOS_DEPLOYMENT_TARGET = 10.3;
				MTL_ENABLE_DEBUG_INFO = NO;
				SDKROOT = iphoneos;
				VALIDATE_PRODUCT = YES;
			};
			name = Release;
		};
		A78EED0A1EF49ED0006F560F /* Debug */ = {
			isa = XCBuildConfiguration;
			baseConfigurationReference = FF8A23CD2AFA5385BAACCB2B /* Pods-Mediator.debug.xcconfig */;
			buildSettings = {
				ASSETCATALOG_COMPILER_APPICON_NAME = AppIcon;
				INFOPLIST_FILE = Mediator/Info.plist;
				LD_RUNPATH_SEARCH_PATHS = "$(inherited) @executable_path/Frameworks";
				PRODUCT_BUNDLE_IDENTIFIER = com.yunschou.Mediator;
				PRODUCT_NAME = "$(TARGET_NAME)";
			};
			name = Debug;
		};
		A78EED0B1EF49ED0006F560F /* Release */ = {
			isa = XCBuildConfiguration;
			baseConfigurationReference = 8F0085139B272EF6BF036065 /* Pods-Mediator.release.xcconfig */;
			buildSettings = {
				ASSETCATALOG_COMPILER_APPICON_NAME = AppIcon;
				INFOPLIST_FILE = Mediator/Info.plist;
				LD_RUNPATH_SEARCH_PATHS = "$(inherited) @executable_path/Frameworks";
				PRODUCT_BUNDLE_IDENTIFIER = com.yunschou.Mediator;
				PRODUCT_NAME = "$(TARGET_NAME)";
			};
			name = Release;
		};
/* End XCBuildConfiguration section */

/* Begin XCConfigurationList section */
		A78EECED1EF49ED0006F560F /* Build configuration list for PBXProject "Mediator" */ = {
			isa = XCConfigurationList;
			buildConfigurations = (
				A78EED071EF49ED0006F560F /* Debug */,
				A78EED081EF49ED0006F560F /* Release */,
			);
			defaultConfigurationIsVisible = 0;
			defaultConfigurationName = Release;
		};
		A78EED091EF49ED0006F560F /* Build configuration list for PBXNativeTarget "Mediator" */ = {
			isa = XCConfigurationList;
			buildConfigurations = (
				A78EED0A1EF49ED0006F560F /* Debug */,
				A78EED0B1EF49ED0006F560F /* Release */,
			);
			defaultConfigurationIsVisible = 0;
		};
/* End XCConfigurationList section */
	};
	rootObject = A78EECEA1EF49ED0006F560F /* Project object */;
}
